
Microsoft Visual Studio Solution File, Format Version 12.00
# Visual Studio 2012
Project("{FAE04EC0-301F-11D3-BF4B-00C04F79EFBC}") = "WD.DataAccess", "WD.DataAccess\WD.DataAccess.csproj", "{59861076-6A6B-4BE7-8A9B-32A31A3EB0D0}"
EndProject
Project("{FAE04EC0-301F-11D3-BF4B-00C04F79EFBC}") = "WD.WebApi", "WD.WebApi\WD.WebApi.csproj", "{3F0596F5-AAEF-408A-8913-BDB0C58127D3}"
EndProject
Project("{FAE04EC0-301F-11D3-BF4B-00C04F79EFBC}") = "WD.Domain", "WD.Domain\WD.Domain.csproj", "{C3B63EFC-D1B7-407B-A346-A80948853F52}"
EndProject
Project("{FAE04EC0-301F-11D3-BF4B-00C04F79EFBC}") = "WD.UI", "WD.UI\WD.UI.csproj", "{B6664CD8-A858-4D02-BD56-D983F67E2035}"
EndProject
Project("{FAE04EC0-301F-11D3-BF4B-00C04F79EFBC}") = "WD.DataAccess.2.0", "WD.DataAccess.2.0\WD.DataAccess.2.0.csproj", "{36867B01-81C4-47FD-99D9-A5F7A0EE8083}"
EndProject
Project("{FAE04EC0-301F-11D3-BF4B-00C04F79EFBC}") = "WD.WebUI.2.0", "WD.WebUI.2.0\WD.WebUI.2.0.csproj", "{D371268D-9605-453C-A4D3-C845E5005B2C}"
EndProject
Project("{FAE04EC0-301F-11D3-BF4B-00C04F79EFBC}") = "WD.WebAPI.2.0", "WD.WebAPI.2.0\WD.WebAPI.2.0.csproj", "{913A7B6F-3DD8-479E-8B03-33CD6590BA84}"
EndProject
Project("{FAE04EC0-301F-11D3-BF4B-00C04F79EFBC}") = "WD.Settings", "WD.Settings\WD.Settings.csproj", "{FFF97786-E021-41E1-B90C-CD4E91F98FA1}"
EndProject
Project("{FAE04EC0-301F-11D3-BF4B-00C04F79EFBC}") = "WD.WCF", "WD.WCF\WD.WCF.csproj", "{66BFB674-487A-4C59-92C6-48781AC773C7}"
EndProject
Project("{FAE04EC0-301F-11D3-BF4B-00C04F79EFBC}") = "WD.XLC.WIN", "WD.XLC.WIN\WD.XLC.WIN.csproj", "{7FE3A985-2A71-4AEF-BCA7-9FDB8783ABD0}"
EndProject
Project("{FAE04EC0-301F-11D3-BF4B-00C04F79EFBC}") = "WD.XLC.Domain", "WD.XLC.Domain\WD.XLC.Domain.csproj", "{8A9D77F5-59B4-415C-8184-85DA8F64E750}"
EndProject
Project("{FAE04EC0-301F-11D3-BF4B-00C04F79EFBC}") = "MetroFramework", "MetroFramework\MetroFramework\MetroFramework.csproj", "{BB41AC8B-CBED-4387-A7E0-4567EDB3F57F}"
EndProject
Project("{FAE04EC0-301F-11D3-BF4B-00C04F79EFBC}") = "MetroFramework.Design", "MetroFramework\MetroFramework.Design\MetroFramework.Design.csproj", "{7316584D-9A16-4280-A8AB-6D45198C6E4D}"
EndProject
Project("{FAE04EC0-301F-11D3-BF4B-00C04F79EFBC}") = "MetroFramework.Fonts", "MetroFramework\MetroFramework.Fonts\MetroFramework.Fonts.csproj", "{5A2FCAE8-C2FA-41BD-90EA-16103EA07B26}"
EndProject
Project("{2150E333-8FDC-42A3-9474-1A3956D46DE8}") = ".nuget", ".nuget", "{C00963DE-B31C-43B1-BA8C-167FC888A243}"
	ProjectSection(SolutionItems) = preProject
		.nuget\NuGet.Config = .nuget\NuGet.Config
		.nuget\NuGet.exe = .nuget\NuGet.exe
		.nuget\NuGet.targets = .nuget\NuGet.targets
		.nuget\packages.config = .nuget\packages.config
	EndProjectSection
EndProject
Project("{F184B08F-C81C-45F6-A57F-5ABD9991F28F}") = "WD.WFVB.2.0", "WD.WFVB.2.0\WD.WFVB.2.0.vbproj", "{39926987-C20C-42C7-BDCD-D2FCF5D0427F}"
EndProject
Project("{FAE04EC0-301F-11D3-BF4B-00C04F79EFBC}") = "WF_CS_4.5", "WF_CS_4.5\WF_CS_4.5.csproj", "{E5E0ED92-8765-449A-8DCA-B8319F0689F6}"
EndProject
Project("{FAE04EC0-301F-11D3-BF4B-00C04F79EFBC}") = "Test.UI", "Test.UI\Test.UI.csproj", "{133A1A6E-C575-4A16-B193-C38CAFE52DAA}"
EndProject
Project("{FAE04EC0-301F-11D3-BF4B-00C04F79EFBC}") = "TestApp", "TestApp\TestApp.csproj", "{1A930317-D13A-4B95-9157-2DAAB404C2EE}"
EndProject
Project("{FAE04EC0-301F-11D3-BF4B-00C04F79EFBC}") = "WD.AutoProcess", "WD.AutoProcess\WD.AutoProcess.csproj", "{16AB2213-25D2-45A0-AB50-07330582BA04}"
EndProject
Project("{FAE04EC0-301F-11D3-BF4B-00C04F79EFBC}") = "WD.POC", "WD.POC\WD.POC.csproj", "{63E70BCF-2397-4050-ABD4-9A8C7CB5A65C}"
EndProject
Project("{6141683F-8A12-4E36-9623-2EB02B2C2303}") = "WD.XLC.SETUP", "WD.XLC.SETUP\WD.XLC.SETUP\WD.XLC.SETUP.isproj", "{A2DF4E72-DF0C-496A-AD14-6B42FF2F75D6}"
	ProjectSection(ProjectDependencies) = postProject
		{7FE3A985-2A71-4AEF-BCA7-9FDB8783ABD0} = {7FE3A985-2A71-4AEF-BCA7-9FDB8783ABD0}
	EndProjectSection
EndProject
Project("{FAE04EC0-301F-11D3-BF4B-00C04F79EFBC}") = "Renci.SshNet", "Renci.SshNet\Renci.SshNet.csproj", "{2F5F8C90-0BD1-424F-997C-7BC6280919D1}"
EndProject
Global
	GlobalSection(TeamFoundationVersionControl) = preSolution
		SccNumberOfProjects = 23
		SccEnterpriseProvider = {4CA58AB2-18FA-4F8D-95D4-32DDF27D184C}
		SccTeamFoundationServer = http://wdmyw2k3dev1:8080/tfs/xmmscollection
		SccLocalPath0 = .
		SccProjectUniqueName1 = WD.DataAccess\\WD.DataAccess.csproj
		SccProjectName1 = WD.DataAccess
		SccLocalPath1 = WD.DataAccess
		SccProjectUniqueName2 = WD.WebApi\\WD.WebApi.csproj
		SccProjectName2 = WD.WebApi
		SccLocalPath2 = WD.WebApi
		SccProjectUniqueName3 = WD.Domain\\WD.Domain.csproj
		SccProjectName3 = WD.Domain
		SccLocalPath3 = WD.Domain
		SccProjectUniqueName4 = WD.UI\\WD.UI.csproj
		SccProjectName4 = WD.UI
		SccLocalPath4 = WD.UI
		SccProjectUniqueName5 = WD.DataAccess.2.0\\WD.DataAccess.2.0.csproj
		SccProjectName5 = WD.DataAccess.2.0
		SccLocalPath5 = WD.DataAccess.2.0
		SccProjectUniqueName6 = WD.WebUI.2.0\\WD.WebUI.2.0.csproj
		SccProjectName6 = WD.WebUI.2.0
		SccLocalPath6 = WD.WebUI.2.0
		SccProjectUniqueName7 = WD.WebAPI.2.0\\WD.WebAPI.2.0.csproj
		SccProjectName7 = WD.WebAPI.2.0
		SccLocalPath7 = WD.WebAPI.2.0
		SccProjectUniqueName8 = WD.Settings\\WD.Settings.csproj
		SccProjectName8 = WD.Settings
		SccLocalPath8 = WD.Settings
		SccProjectUniqueName9 = WD.WCF\\WD.WCF.csproj
		SccProjectName9 = WD.WCF
		SccLocalPath9 = WD.WCF
		SccProjectUniqueName10 = WD.XLC.WIN\\WD.XLC.WIN.csproj
		SccProjectName10 = WD.XLC.WIN
		SccLocalPath10 = WD.XLC.WIN
		SccProjectUniqueName11 = WD.XLC.Domain\\WD.XLC.Domain.csproj
		SccProjectName11 = WD.XLC.Domain
		SccLocalPath11 = WD.XLC.Domain
		SccProjectUniqueName12 = MetroFramework\\MetroFramework\\MetroFramework.csproj
		SccProjectName12 = MetroFramework/MetroFramework
		SccLocalPath12 = MetroFramework\\MetroFramework
		SccProjectUniqueName13 = MetroFramework\\MetroFramework.Design\\MetroFramework.Design.csproj
		SccProjectName13 = MetroFramework/MetroFramework.Design
		SccLocalPath13 = MetroFramework\\MetroFramework.Design
		SccProjectUniqueName14 = MetroFramework\\MetroFramework.Fonts\\MetroFramework.Fonts.csproj
		SccProjectName14 = MetroFramework/MetroFramework.Fonts
		SccLocalPath14 = MetroFramework\\MetroFramework.Fonts
		SccProjectUniqueName15 = WD.WFVB.2.0\\WD.WFVB.2.0.vbproj
		SccProjectName15 = WD.WFVB.2.0
		SccLocalPath15 = WD.WFVB.2.0
		SccProjectUniqueName16 = WF_CS_4.5\\WF_CS_4.5.csproj
		SccProjectName16 = WF_CS_4.5
		SccLocalPath16 = WF_CS_4.5
		SccProjectUniqueName17 = Test.UI\\Test.UI.csproj
		SccProjectName17 = Test.UI
		SccLocalPath17 = Test.UI
		SccProjectUniqueName18 = WD.AutoProcess\\WD.AutoProcess.csproj
		SccProjectName18 = WD.AutoProcess
		SccLocalPath18 = WD.AutoProcess
		SccProjectUniqueName19 = WD.POC\\WD.POC.csproj
		SccProjectName19 = WD.POC
		SccLocalPath19 = WD.POC
		SccProjectUniqueName20 = WD.XLC.SETUP\\WD.XLC.SETUP\\WD.XLC.SETUP.isproj
		SccProjectName20 = WD.XLC.SETUP/WD.XLC.SETUP
		SccLocalPath20 = WD.XLC.SETUP\\WD.XLC.SETUP
		SccProjectUniqueName21 = Renci.SshNet\\Renci.SshNet.csproj
		SccProjectName21 = Renci.SshNet
		SccLocalPath21 = Renci.SshNet
		SccProjectUniqueName22 = TestApp\\TestApp.csproj
		SccProjectName22 = TestApp
		SccLocalPath22 = TestApp
	EndGlobalSection
	GlobalSection(SolutionConfigurationPlatforms) = preSolution
		CD_ROM|Any CPU = CD_ROM|Any CPU
		Debug|Any CPU = Debug|Any CPU
		DVD-5|Any CPU = DVD-5|Any CPU
		Release|Any CPU = Release|Any CPU
		SingleImage|Any CPU = SingleImage|Any CPU
	EndGlobalSection
	GlobalSection(ProjectConfigurationPlatforms) = postSolution
		{59861076-6A6B-4BE7-8A9B-32A31A3EB0D0}.CD_ROM|Any CPU.ActiveCfg = Release|Any CPU
		{59861076-6A6B-4BE7-8A9B-32A31A3EB0D0}.CD_ROM|Any CPU.Build.0 = Release|Any CPU
		{59861076-6A6B-4BE7-8A9B-32A31A3EB0D0}.Debug|Any CPU.ActiveCfg = Debug|Any CPU
		{59861076-6A6B-4BE7-8A9B-32A31A3EB0D0}.Debug|Any CPU.Build.0 = Debug|Any CPU
		{59861076-6A6B-4BE7-8A9B-32A31A3EB0D0}.DVD-5|Any CPU.ActiveCfg = Debug|Any CPU
		{59861076-6A6B-4BE7-8A9B-32A31A3EB0D0}.DVD-5|Any CPU.Build.0 = Debug|Any CPU
		{59861076-6A6B-4BE7-8A9B-32A31A3EB0D0}.Release|Any CPU.ActiveCfg = Release|Any CPU
		{59861076-6A6B-4BE7-8A9B-32A31A3EB0D0}.Release|Any CPU.Build.0 = Release|Any CPU
		{59861076-6A6B-4BE7-8A9B-32A31A3EB0D0}.SingleImage|Any CPU.ActiveCfg = Debug|Any CPU
		{59861076-6A6B-4BE7-8A9B-32A31A3EB0D0}.SingleImage|Any CPU.Build.0 = Debug|Any CPU
		{3F0596F5-AAEF-408A-8913-BDB0C58127D3}.CD_ROM|Any CPU.ActiveCfg = Release|Any CPU
		{3F0596F5-AAEF-408A-8913-BDB0C58127D3}.CD_ROM|Any CPU.Build.0 = Release|Any CPU
		{3F0596F5-AAEF-408A-8913-BDB0C58127D3}.Debug|Any CPU.ActiveCfg = Debug|Any CPU
		{3F0596F5-AAEF-408A-8913-BDB0C58127D3}.Debug|Any CPU.Build.0 = Debug|Any CPU
		{3F0596F5-AAEF-408A-8913-BDB0C58127D3}.DVD-5|Any CPU.ActiveCfg = Debug|Any CPU
		{3F0596F5-AAEF-408A-8913-BDB0C58127D3}.DVD-5|Any CPU.Build.0 = Debug|Any CPU
		{3F0596F5-AAEF-408A-8913-BDB0C58127D3}.Release|Any CPU.ActiveCfg = Release|Any CPU
		{3F0596F5-AAEF-408A-8913-BDB0C58127D3}.Release|Any CPU.Build.0 = Release|Any CPU
		{3F0596F5-AAEF-408A-8913-BDB0C58127D3}.SingleImage|Any CPU.ActiveCfg = Release|Any CPU
		{3F0596F5-AAEF-408A-8913-BDB0C58127D3}.SingleImage|Any CPU.Build.0 = Release|Any CPU
		{C3B63EFC-D1B7-407B-A346-A80948853F52}.CD_ROM|Any CPU.ActiveCfg = Release|Any CPU
		{C3B63EFC-D1B7-407B-A346-A80948853F52}.CD_ROM|Any CPU.Build.0 = Release|Any CPU
		{C3B63EFC-D1B7-407B-A346-A80948853F52}.Debug|Any CPU.ActiveCfg = Debug|Any CPU
		{C3B63EFC-D1B7-407B-A346-A80948853F52}.Debug|Any CPU.Build.0 = Debug|Any CPU
		{C3B63EFC-D1B7-407B-A346-A80948853F52}.DVD-5|Any CPU.ActiveCfg = Debug|Any CPU
		{C3B63EFC-D1B7-407B-A346-A80948853F52}.DVD-5|Any CPU.Build.0 = Debug|Any CPU
		{C3B63EFC-D1B7-407B-A346-A80948853F52}.Release|Any CPU.ActiveCfg = Release|Any CPU
		{C3B63EFC-D1B7-407B-A346-A80948853F52}.Release|Any CPU.Build.0 = Release|Any CPU
		{C3B63EFC-D1B7-407B-A346-A80948853F52}.SingleImage|Any CPU.ActiveCfg = Release|Any CPU
		{C3B63EFC-D1B7-407B-A346-A80948853F52}.SingleImage|Any CPU.Build.0 = Release|Any CPU
		{B6664CD8-A858-4D02-BD56-D983F67E2035}.CD_ROM|Any CPU.ActiveCfg = Release|Any CPU
		{B6664CD8-A858-4D02-BD56-D983F67E2035}.CD_ROM|Any CPU.Build.0 = Release|Any CPU
		{B6664CD8-A858-4D02-BD56-D983F67E2035}.Debug|Any CPU.ActiveCfg = Debug|Any CPU
		{B6664CD8-A858-4D02-BD56-D983F67E2035}.Debug|Any CPU.Build.0 = Debug|Any CPU
		{B6664CD8-A858-4D02-BD56-D983F67E2035}.DVD-5|Any CPU.ActiveCfg = Debug|Any CPU
		{B6664CD8-A858-4D02-BD56-D983F67E2035}.DVD-5|Any CPU.Build.0 = Debug|Any CPU
		{B6664CD8-A858-4D02-BD56-D983F67E2035}.Release|Any CPU.ActiveCfg = Release|Any CPU
		{B6664CD8-A858-4D02-BD56-D983F67E2035}.Release|Any CPU.Build.0 = Release|Any CPU
		{B6664CD8-A858-4D02-BD56-D983F67E2035}.SingleImage|Any CPU.ActiveCfg = Release|Any CPU
		{B6664CD8-A858-4D02-BD56-D983F67E2035}.SingleImage|Any CPU.Build.0 = Release|Any CPU
		{36867B01-81C4-47FD-99D9-A5F7A0EE8083}.CD_ROM|Any CPU.ActiveCfg = Release|Any CPU
		{36867B01-81C4-47FD-99D9-A5F7A0EE8083}.CD_ROM|Any CPU.Build.0 = Release|Any CPU
		{36867B01-81C4-47FD-99D9-A5F7A0EE8083}.Debug|Any CPU.ActiveCfg = Debug|Any CPU
		{36867B01-81C4-47FD-99D9-A5F7A0EE8083}.Debug|Any CPU.Build.0 = Debug|Any CPU
		{36867B01-81C4-47FD-99D9-A5F7A0EE8083}.DVD-5|Any CPU.ActiveCfg = Debug|Any CPU
		{36867B01-81C4-47FD-99D9-A5F7A0EE8083}.DVD-5|Any CPU.Build.0 = Debug|Any CPU
		{36867B01-81C4-47FD-99D9-A5F7A0EE8083}.Release|Any CPU.ActiveCfg = Release|Any CPU
		{36867B01-81C4-47FD-99D9-A5F7A0EE8083}.Release|Any CPU.Build.0 = Release|Any CPU
		{36867B01-81C4-47FD-99D9-A5F7A0EE8083}.SingleImage|Any CPU.ActiveCfg = Release|Any CPU
		{36867B01-81C4-47FD-99D9-A5F7A0EE8083}.SingleImage|Any CPU.Build.0 = Release|Any CPU
		{D371268D-9605-453C-A4D3-C845E5005B2C}.CD_ROM|Any CPU.ActiveCfg = Release|Any CPU
		{D371268D-9605-453C-A4D3-C845E5005B2C}.CD_ROM|Any CPU.Build.0 = Release|Any CPU
		{D371268D-9605-453C-A4D3-C845E5005B2C}.Debug|Any CPU.ActiveCfg = Debug|Any CPU
		{D371268D-9605-453C-A4D3-C845E5005B2C}.Debug|Any CPU.Build.0 = Debug|Any CPU
		{D371268D-9605-453C-A4D3-C845E5005B2C}.DVD-5|Any CPU.ActiveCfg = Debug|Any CPU
		{D371268D-9605-453C-A4D3-C845E5005B2C}.DVD-5|Any CPU.Build.0 = Debug|Any CPU
		{D371268D-9605-453C-A4D3-C845E5005B2C}.Release|Any CPU.ActiveCfg = Release|Any CPU
		{D371268D-9605-453C-A4D3-C845E5005B2C}.Release|Any CPU.Build.0 = Release|Any CPU
		{D371268D-9605-453C-A4D3-C845E5005B2C}.SingleImage|Any CPU.ActiveCfg = Release|Any CPU
		{D371268D-9605-453C-A4D3-C845E5005B2C}.SingleImage|Any CPU.Build.0 = Release|Any CPU
		{913A7B6F-3DD8-479E-8B03-33CD6590BA84}.CD_ROM|Any CPU.ActiveCfg = Release|Any CPU
		{913A7B6F-3DD8-479E-8B03-33CD6590BA84}.CD_ROM|Any CPU.Build.0 = Release|Any CPU
		{913A7B6F-3DD8-479E-8B03-33CD6590BA84}.Debug|Any CPU.ActiveCfg = Debug|Any CPU
		{913A7B6F-3DD8-479E-8B03-33CD6590BA84}.Debug|Any CPU.Build.0 = Debug|Any CPU
		{913A7B6F-3DD8-479E-8B03-33CD6590BA84}.DVD-5|Any CPU.ActiveCfg = Debug|Any CPU
		{913A7B6F-3DD8-479E-8B03-33CD6590BA84}.DVD-5|Any CPU.Build.0 = Debug|Any CPU
		{913A7B6F-3DD8-479E-8B03-33CD6590BA84}.Release|Any CPU.ActiveCfg = Release|Any CPU
		{913A7B6F-3DD8-479E-8B03-33CD6590BA84}.Release|Any CPU.Build.0 = Release|Any CPU
		{913A7B6F-3DD8-479E-8B03-33CD6590BA84}.SingleImage|Any CPU.ActiveCfg = Release|Any CPU
		{913A7B6F-3DD8-479E-8B03-33CD6590BA84}.SingleImage|Any CPU.Build.0 = Release|Any CPU
		{FFF97786-E021-41E1-B90C-CD4E91F98FA1}.CD_ROM|Any CPU.ActiveCfg = Release|Any CPU
		{FFF97786-E021-41E1-B90C-CD4E91F98FA1}.CD_ROM|Any CPU.Build.0 = Release|Any CPU
		{FFF97786-E021-41E1-B90C-CD4E91F98FA1}.Debug|Any CPU.ActiveCfg = Debug|Any CPU
		{FFF97786-E021-41E1-B90C-CD4E91F98FA1}.Debug|Any CPU.Build.0 = Debug|Any CPU
		{FFF97786-E021-41E1-B90C-CD4E91F98FA1}.DVD-5|Any CPU.ActiveCfg = Debug|Any CPU
		{FFF97786-E021-41E1-B90C-CD4E91F98FA1}.DVD-5|Any CPU.Build.0 = Debug|Any CPU
		{FFF97786-E021-41E1-B90C-CD4E91F98FA1}.Release|Any CPU.ActiveCfg = Release|Any CPU
		{FFF97786-E021-41E1-B90C-CD4E91F98FA1}.Release|Any CPU.Build.0 = Release|Any CPU
		{FFF97786-E021-41E1-B90C-CD4E91F98FA1}.SingleImage|Any CPU.ActiveCfg = Release|Any CPU
		{FFF97786-E021-41E1-B90C-CD4E91F98FA1}.SingleImage|Any CPU.Build.0 = Release|Any CPU
		{66BFB674-487A-4C59-92C6-48781AC773C7}.CD_ROM|Any CPU.ActiveCfg = Release|Any CPU
		{66BFB674-487A-4C59-92C6-48781AC773C7}.CD_ROM|Any CPU.Build.0 = Release|Any CPU
		{66BFB674-487A-4C59-92C6-48781AC773C7}.Debug|Any CPU.ActiveCfg = Debug|Any CPU
		{66BFB674-487A-4C59-92C6-48781AC773C7}.Debug|Any CPU.Build.0 = Debug|Any CPU
		{66BFB674-487A-4C59-92C6-48781AC773C7}.DVD-5|Any CPU.ActiveCfg = Debug|Any CPU
		{66BFB674-487A-4C59-92C6-48781AC773C7}.DVD-5|Any CPU.Build.0 = Debug|Any CPU
		{66BFB674-487A-4C59-92C6-48781AC773C7}.Release|Any CPU.ActiveCfg = Release|Any CPU
		{66BFB674-487A-4C59-92C6-48781AC773C7}.Release|Any CPU.Build.0 = Release|Any CPU
		{66BFB674-487A-4C59-92C6-48781AC773C7}.SingleImage|Any CPU.ActiveCfg = Release|Any CPU
		{66BFB674-487A-4C59-92C6-48781AC773C7}.SingleImage|Any CPU.Build.0 = Release|Any CPU
		{7FE3A985-2A71-4AEF-BCA7-9FDB8783ABD0}.CD_ROM|Any CPU.ActiveCfg = Release|Any CPU
		{7FE3A985-2A71-4AEF-BCA7-9FDB8783ABD0}.CD_ROM|Any CPU.Build.0 = Release|Any CPU
		{7FE3A985-2A71-4AEF-BCA7-9FDB8783ABD0}.Debug|Any CPU.ActiveCfg = Debug|Any CPU
		{7FE3A985-2A71-4AEF-BCA7-9FDB8783ABD0}.Debug|Any CPU.Build.0 = Debug|Any CPU
		{7FE3A985-2A71-4AEF-BCA7-9FDB8783ABD0}.DVD-5|Any CPU.ActiveCfg = Debug|Any CPU
		{7FE3A985-2A71-4AEF-BCA7-9FDB8783ABD0}.DVD-5|Any CPU.Build.0 = Debug|Any CPU
		{7FE3A985-2A71-4AEF-BCA7-9FDB8783ABD0}.Release|Any CPU.ActiveCfg = Release|Any CPU
		{7FE3A985-2A71-4AEF-BCA7-9FDB8783ABD0}.Release|Any CPU.Build.0 = Release|Any CPU
		{7FE3A985-2A71-4AEF-BCA7-9FDB8783ABD0}.SingleImage|Any CPU.ActiveCfg = Debug|Any CPU
		{7FE3A985-2A71-4AEF-BCA7-9FDB8783ABD0}.SingleImage|Any CPU.Build.0 = Debug|Any CPU
		{8A9D77F5-59B4-415C-8184-85DA8F64E750}.CD_ROM|Any CPU.ActiveCfg = Release|Any CPU
		{8A9D77F5-59B4-415C-8184-85DA8F64E750}.CD_ROM|Any CPU.Build.0 = Release|Any CPU
		{8A9D77F5-59B4-415C-8184-85DA8F64E750}.Debug|Any CPU.ActiveCfg = Debug|Any CPU
		{8A9D77F5-59B4-415C-8184-85DA8F64E750}.Debug|Any CPU.Build.0 = Debug|Any CPU
		{8A9D77F5-59B4-415C-8184-85DA8F64E750}.DVD-5|Any CPU.ActiveCfg = Debug|Any CPU
		{8A9D77F5-59B4-415C-8184-85DA8F64E750}.DVD-5|Any CPU.Build.0 = Debug|Any CPU
		{8A9D77F5-59B4-415C-8184-85DA8F64E750}.Release|Any CPU.ActiveCfg = Release|Any CPU
		{8A9D77F5-59B4-415C-8184-85DA8F64E750}.Release|Any CPU.Build.0 = Release|Any CPU
		{8A9D77F5-59B4-415C-8184-85DA8F64E750}.SingleImage|Any CPU.ActiveCfg = Debug|Any CPU
		{8A9D77F5-59B4-415C-8184-85DA8F64E750}.SingleImage|Any CPU.Build.0 = Debug|Any CPU
		{BB41AC8B-CBED-4387-A7E0-4567EDB3F57F}.CD_ROM|Any CPU.ActiveCfg = Release|Any CPU
		{BB41AC8B-CBED-4387-A7E0-4567EDB3F57F}.CD_ROM|Any CPU.Build.0 = Release|Any CPU
		{BB41AC8B-CBED-4387-A7E0-4567EDB3F57F}.Debug|Any CPU.ActiveCfg = Debug|Any CPU
		{BB41AC8B-CBED-4387-A7E0-4567EDB3F57F}.Debug|Any CPU.Build.0 = Debug|Any CPU
		{BB41AC8B-CBED-4387-A7E0-4567EDB3F57F}.DVD-5|Any CPU.ActiveCfg = Debug|Any CPU
		{BB41AC8B-CBED-4387-A7E0-4567EDB3F57F}.DVD-5|Any CPU.Build.0 = Debug|Any CPU
		{BB41AC8B-CBED-4387-A7E0-4567EDB3F57F}.Release|Any CPU.ActiveCfg = Release|Any CPU
		{BB41AC8B-CBED-4387-A7E0-4567EDB3F57F}.Release|Any CPU.Build.0 = Release|Any CPU
		{BB41AC8B-CBED-4387-A7E0-4567EDB3F57F}.SingleImage|Any CPU.ActiveCfg = Release|Any CPU
		{BB41AC8B-CBED-4387-A7E0-4567EDB3F57F}.SingleImage|Any CPU.Build.0 = Release|Any CPU
		{7316584D-9A16-4280-A8AB-6D45198C6E4D}.CD_ROM|Any CPU.ActiveCfg = Release|Any CPU
		{7316584D-9A16-4280-A8AB-6D45198C6E4D}.CD_ROM|Any CPU.Build.0 = Release|Any CPU
		{7316584D-9A16-4280-A8AB-6D45198C6E4D}.Debug|Any CPU.ActiveCfg = Debug|Any CPU
		{7316584D-9A16-4280-A8AB-6D45198C6E4D}.Debug|Any CPU.Build.0 = Debug|Any CPU
		{7316584D-9A16-4280-A8AB-6D45198C6E4D}.DVD-5|Any CPU.ActiveCfg = Debug|Any CPU
		{7316584D-9A16-4280-A8AB-6D45198C6E4D}.DVD-5|Any CPU.Build.0 = Debug|Any CPU
		{7316584D-9A16-4280-A8AB-6D45198C6E4D}.Release|Any CPU.ActiveCfg = Release|Any CPU
		{7316584D-9A16-4280-A8AB-6D45198C6E4D}.Release|Any CPU.Build.0 = Release|Any CPU
		{7316584D-9A16-4280-A8AB-6D45198C6E4D}.SingleImage|Any CPU.ActiveCfg = Release|Any CPU
		{7316584D-9A16-4280-A8AB-6D45198C6E4D}.SingleImage|Any CPU.Build.0 = Release|Any CPU
		{5A2FCAE8-C2FA-41BD-90EA-16103EA07B26}.CD_ROM|Any CPU.ActiveCfg = Release|Any CPU
		{5A2FCAE8-C2FA-41BD-90EA-16103EA07B26}.CD_ROM|Any CPU.Build.0 = Release|Any CPU
		{5A2FCAE8-C2FA-41BD-90EA-16103EA07B26}.Debug|Any CPU.ActiveCfg = Debug|Any CPU
		{5A2FCAE8-C2FA-41BD-90EA-16103EA07B26}.Debug|Any CPU.Build.0 = Debug|Any CPU
		{5A2FCAE8-C2FA-41BD-90EA-16103EA07B26}.DVD-5|Any CPU.ActiveCfg = Debug|Any CPU
		{5A2FCAE8-C2FA-41BD-90EA-16103EA07B26}.DVD-5|Any CPU.Build.0 = Debug|Any CPU
		{5A2FCAE8-C2FA-41BD-90EA-16103EA07B26}.Release|Any CPU.ActiveCfg = Release|Any CPU
		{5A2FCAE8-C2FA-41BD-90EA-16103EA07B26}.Release|Any CPU.Build.0 = Release|Any CPU
		{5A2FCAE8-C2FA-41BD-90EA-16103EA07B26}.SingleImage|Any CPU.ActiveCfg = Release|Any CPU
		{5A2FCAE8-C2FA-41BD-90EA-16103EA07B26}.SingleImage|Any CPU.Build.0 = Release|Any CPU
		{39926987-C20C-42C7-BDCD-D2FCF5D0427F}.CD_ROM|Any CPU.ActiveCfg = Release|Any CPU
		{39926987-C20C-42C7-BDCD-D2FCF5D0427F}.CD_ROM|Any CPU.Build.0 = Release|Any CPU
		{39926987-C20C-42C7-BDCD-D2FCF5D0427F}.Debug|Any CPU.ActiveCfg = Debug|Any CPU
		{39926987-C20C-42C7-BDCD-D2FCF5D0427F}.Debug|Any CPU.Build.0 = Debug|Any CPU
		{39926987-C20C-42C7-BDCD-D2FCF5D0427F}.DVD-5|Any CPU.ActiveCfg = Debug|Any CPU
		{39926987-C20C-42C7-BDCD-D2FCF5D0427F}.DVD-5|Any CPU.Build.0 = Debug|Any CPU
		{39926987-C20C-42C7-BDCD-D2FCF5D0427F}.Release|Any CPU.ActiveCfg = Release|Any CPU
		{39926987-C20C-42C7-BDCD-D2FCF5D0427F}.Release|Any CPU.Build.0 = Release|Any CPU
		{39926987-C20C-42C7-BDCD-D2FCF5D0427F}.SingleImage|Any CPU.ActiveCfg = Release|Any CPU
		{39926987-C20C-42C7-BDCD-D2FCF5D0427F}.SingleImage|Any CPU.Build.0 = Release|Any CPU
		{E5E0ED92-8765-449A-8DCA-B8319F0689F6}.CD_ROM|Any CPU.ActiveCfg = Release|Any CPU
		{E5E0ED92-8765-449A-8DCA-B8319F0689F6}.CD_ROM|Any CPU.Build.0 = Release|Any CPU
		{E5E0ED92-8765-449A-8DCA-B8319F0689F6}.Debug|Any CPU.ActiveCfg = Debug|Any CPU
		{E5E0ED92-8765-449A-8DCA-B8319F0689F6}.Debug|Any CPU.Build.0 = Debug|Any CPU
		{E5E0ED92-8765-449A-8DCA-B8319F0689F6}.DVD-5|Any CPU.ActiveCfg = Debug|Any CPU
		{E5E0ED92-8765-449A-8DCA-B8319F0689F6}.DVD-5|Any CPU.Build.0 = Debug|Any CPU
		{E5E0ED92-8765-449A-8DCA-B8319F0689F6}.Release|Any CPU.ActiveCfg = Release|Any CPU
		{E5E0ED92-8765-449A-8DCA-B8319F0689F6}.Release|Any CPU.Build.0 = Release|Any CPU
		{E5E0ED92-8765-449A-8DCA-B8319F0689F6}.SingleImage|Any CPU.ActiveCfg = Release|Any CPU
		{E5E0ED92-8765-449A-8DCA-B8319F0689F6}.SingleImage|Any CPU.Build.0 = Release|Any CPU
		{133A1A6E-C575-4A16-B193-C38CAFE52DAA}.CD_ROM|Any CPU.ActiveCfg = Release|Any CPU
		{133A1A6E-C575-4A16-B193-C38CAFE52DAA}.CD_ROM|Any CPU.Build.0 = Release|Any CPU
		{133A1A6E-C575-4A16-B193-C38CAFE52DAA}.Debug|Any CPU.ActiveCfg = Debug|Any CPU
		{133A1A6E-C575-4A16-B193-C38CAFE52DAA}.Debug|Any CPU.Build.0 = Debug|Any CPU
		{133A1A6E-C575-4A16-B193-C38CAFE52DAA}.DVD-5|Any CPU.ActiveCfg = Debug|Any CPU
		{133A1A6E-C575-4A16-B193-C38CAFE52DAA}.DVD-5|Any CPU.Build.0 = Debug|Any CPU
		{133A1A6E-C575-4A16-B193-C38CAFE52DAA}.Release|Any CPU.ActiveCfg = Release|Any CPU
		{133A1A6E-C575-4A16-B193-C38CAFE52DAA}.Release|Any CPU.Build.0 = Release|Any CPU
		{133A1A6E-C575-4A16-B193-C38CAFE52DAA}.SingleImage|Any CPU.ActiveCfg = Release|Any CPU
		{133A1A6E-C575-4A16-B193-C38CAFE52DAA}.SingleImage|Any CPU.Build.0 = Release|Any CPU
		{1A930317-D13A-4B95-9157-2DAAB404C2EE}.CD_ROM|Any CPU.ActiveCfg = Release|Any CPU
		{1A930317-D13A-4B95-9157-2DAAB404C2EE}.CD_ROM|Any CPU.Build.0 = Release|Any CPU
		{1A930317-D13A-4B95-9157-2DAAB404C2EE}.Debug|Any CPU.ActiveCfg = Debug|Any CPU
		{1A930317-D13A-4B95-9157-2DAAB404C2EE}.Debug|Any CPU.Build.0 = Debug|Any CPU
		{1A930317-D13A-4B95-9157-2DAAB404C2EE}.DVD-5|Any CPU.ActiveCfg = Debug|Any CPU
		{1A930317-D13A-4B95-9157-2DAAB404C2EE}.DVD-5|Any CPU.Build.0 = Debug|Any CPU
		{1A930317-D13A-4B95-9157-2DAAB404C2EE}.Release|Any CPU.ActiveCfg = Release|Any CPU
		{1A930317-D13A-4B95-9157-2DAAB404C2EE}.Release|Any CPU.Build.0 = Release|Any CPU
		{1A930317-D13A-4B95-9157-2DAAB404C2EE}.SingleImage|Any CPU.ActiveCfg = Release|Any CPU
		{1A930317-D13A-4B95-9157-2DAAB404C2EE}.SingleImage|Any CPU.Build.0 = Release|Any CPU
		{16AB2213-25D2-45A0-AB50-07330582BA04}.CD_ROM|Any CPU.ActiveCfg = Release|Any CPU
		{16AB2213-25D2-45A0-AB50-07330582BA04}.CD_ROM|Any CPU.Build.0 = Release|Any CPU
		{16AB2213-25D2-45A0-AB50-07330582BA04}.Debug|Any CPU.ActiveCfg = Debug|Any CPU
		{16AB2213-25D2-45A0-AB50-07330582BA04}.Debug|Any CPU.Build.0 = Debug|Any CPU
		{16AB2213-25D2-45A0-AB50-07330582BA04}.DVD-5|Any CPU.ActiveCfg = Debug|Any CPU
		{16AB2213-25D2-45A0-AB50-07330582BA04}.DVD-5|Any CPU.Build.0 = Debug|Any CPU
		{16AB2213-25D2-45A0-AB50-07330582BA04}.Release|Any CPU.ActiveCfg = Release|Any CPU
		{16AB2213-25D2-45A0-AB50-07330582BA04}.Release|Any CPU.Build.0 = Release|Any CPU
		{16AB2213-25D2-45A0-AB50-07330582BA04}.SingleImage|Any CPU.ActiveCfg = Release|Any CPU
		{16AB2213-25D2-45A0-AB50-07330582BA04}.SingleImage|Any CPU.Build.0 = Release|Any CPU
		{63E70BCF-2397-4050-ABD4-9A8C7CB5A65C}.CD_ROM|Any CPU.ActiveCfg = Release|Any CPU
		{63E70BCF-2397-4050-ABD4-9A8C7CB5A65C}.CD_ROM|Any CPU.Build.0 = Release|Any CPU
		{63E70BCF-2397-4050-ABD4-9A8C7CB5A65C}.Debug|Any CPU.ActiveCfg = Debug|Any CPU
		{63E70BCF-2397-4050-ABD4-9A8C7CB5A65C}.Debug|Any CPU.Build.0 = Debug|Any CPU
		{63E70BCF-2397-4050-ABD4-9A8C7CB5A65C}.DVD-5|Any CPU.ActiveCfg = Debug|Any CPU
		{63E70BCF-2397-4050-ABD4-9A8C7CB5A65C}.DVD-5|Any CPU.Build.0 = Debug|Any CPU
		{63E70BCF-2397-4050-ABD4-9A8C7CB5A65C}.Release|Any CPU.ActiveCfg = Release|Any CPU
		{63E70BCF-2397-4050-ABD4-9A8C7CB5A65C}.Release|Any CPU.Build.0 = Release|Any CPU
		{63E70BCF-2397-4050-ABD4-9A8C7CB5A65C}.SingleImage|Any CPU.ActiveCfg = Release|Any CPU
		{63E70BCF-2397-4050-ABD4-9A8C7CB5A65C}.SingleImage|Any CPU.Build.0 = Release|Any CPU
		{A2DF4E72-DF0C-496A-AD14-6B42FF2F75D6}.CD_ROM|Any CPU.ActiveCfg = CD_ROM
		{A2DF4E72-DF0C-496A-AD14-6B42FF2F75D6}.CD_ROM|Any CPU.Build.0 = CD_ROM
		{A2DF4E72-DF0C-496A-AD14-6B42FF2F75D6}.Debug|Any CPU.ActiveCfg = DVD-5
		{A2DF4E72-DF0C-496A-AD14-6B42FF2F75D6}.Debug|Any CPU.Build.0 = DVD-5
		{A2DF4E72-DF0C-496A-AD14-6B42FF2F75D6}.DVD-5|Any CPU.ActiveCfg = DVD-5
		{A2DF4E72-DF0C-496A-AD14-6B42FF2F75D6}.DVD-5|Any CPU.Build.0 = DVD-5
		{A2DF4E72-DF0C-496A-AD14-6B42FF2F75D6}.Release|Any CPU.ActiveCfg = SingleImage
		{A2DF4E72-DF0C-496A-AD14-6B42FF2F75D6}.Release|Any CPU.Build.0 = SingleImage
		{A2DF4E72-DF0C-496A-AD14-6B42FF2F75D6}.SingleImage|Any CPU.ActiveCfg = SingleImage
		{A2DF4E72-DF0C-496A-AD14-6B42FF2F75D6}.SingleImage|Any CPU.Build.0 = SingleImage
		{2F5F8C90-0BD1-424F-997C-7BC6280919D1}.CD_ROM|Any CPU.ActiveCfg = Release|Any CPU
		{2F5F8C90-0BD1-424F-997C-7BC6280919D1}.CD_ROM|Any CPU.Build.0 = Release|Any CPU
		{2F5F8C90-0BD1-424F-997C-7BC6280919D1}.Debug|Any CPU.ActiveCfg = Debug|Any CPU
		{2F5F8C90-0BD1-424F-997C-7BC6280919D1}.Debug|Any CPU.Build.0 = Debug|Any CPU
		{2F5F8C90-0BD1-424F-997C-7BC6280919D1}.DVD-5|Any CPU.ActiveCfg = Debug|Any CPU
		{2F5F8C90-0BD1-424F-997C-7BC6280919D1}.DVD-5|Any CPU.Build.0 = Debug|Any CPU
		{2F5F8C90-0BD1-424F-997C-7BC6280919D1}.Release|Any CPU.ActiveCfg = Release|Any CPU
		{2F5F8C90-0BD1-424F-997C-7BC6280919D1}.Release|Any CPU.Build.0 = Release|Any CPU
		{2F5F8C90-0BD1-424F-997C-7BC6280919D1}.SingleImage|Any CPU.ActiveCfg = Debug|Any CPU
		{2F5F8C90-0BD1-424F-997C-7BC6280919D1}.SingleImage|Any CPU.Build.0 = Debug|Any CPU
	EndGlobalSection
	GlobalSection(SolutionProperties) = preSolution
		HideSolutionNode = FALSE
	EndGlobalSection
EndGlobal
